PODS:
  - Alamofire (5.4.0)
  - Alderis (1.1)
  - AUPickerCell (1.0.2.0)
  - BitByteData (1.4.3)
  - Cosmos (19.0.3)
  - Down (0.9.4)
  - Flurry-iOS-SDK/FlurrySDK (11.2.0.rc1)
  - Google-Mobile-Ads-SDK (7.41.0)
  - KeychainAccess (4.2.1)
  - LNZTreeView (1.1.2)
  - SDWebImage (5.9.5):
    - SDWebImage/Core (= 5.9.5)
  - SDWebImage/Core (5.9.5)
  - SQLite.swift (0.12.2):
    - SQLite.swift/standard (= 0.12.2)
  - SQLite.swift/standard (0.12.2)
  - SWCompression (4.5.7):
    - BitByteData (~> 1.4.3)
    - SWCompression/BZip2 (= 4.5.7)
    - SWCompression/Deflate (= 4.5.7)
    - SWCompression/GZip (= 4.5.7)
    - SWCompression/LZMA (= 4.5.7)
    - SWCompression/LZMA2 (= 4.5.7)
    - SWCompression/SevenZip (= 4.5.7)
    - SWCompression/TAR (= 4.5.7)
    - SWCompression/XZ (= 4.5.7)
    - SWCompression/ZIP (= 4.5.7)
    - SWCompression/Zlib (= 4.5.7)
  - SWCompression/BZip2 (4.5.7):
    - BitByteData (~> 1.4.3)
  - SWCompression/Deflate (4.5.7):
    - BitByteData (~> 1.4.3)
  - SWCompression/GZip (4.5.7):
    - BitByteData (~> 1.4.3)
    - SWCompression/Deflate
  - SWCompression/LZMA (4.5.7):
    - BitByteData (~> 1.4.3)
  - SWCompression/LZMA2 (4.5.7):
    - BitByteData (~> 1.4.3)
    - SWCompression/LZMA
  - SWCompression/SevenZip (4.5.7):
    - BitByteData (~> 1.4.3)
    - SWCompression/LZMA2
  - SWCompression/TAR (4.5.7):
    - BitByteData (~> 1.4.3)
  - SWCompression/XZ (4.5.7):
    - BitByteData (~> 1.4.3)
    - SWCompression/LZMA2
  - SWCompression/ZIP (4.5.7):
    - BitByteData (~> 1.4.3)
    - SWCompression/Deflate
  - SWCompression/Zlib (4.5.7):
    - BitByteData (~> 1.4.3)
    - SWCompression/Deflate
  - SwiftSoup (2.3.2)
  - SwiftTryCatch (0.0.1)
  - XLForm (4.2.0)

DEPENDENCIES:
  - Alamofire (~> 5.0)
  - Alderis (from `https://github.com/hbang/Alderis.git`)
  - AUPickerCell
  - Cosmos (~> 19.0)
  - Down
  - Flurry-iOS-SDK/FlurrySDK (from `https://github.com/flurry/flurry-ios-sdk.git`, tag `11.2.0.rc1`)
  - Google-Mobile-Ads-SDK (~> 7.41.0)
  - KeychainAccess
  - LNZTreeView
  - SDWebImage (~> 5.0)
  - SQLite.swift (~> 0.12.0)
  - SWCompression (~> 4.5)
  - SwiftSoup
  - SwiftTryCatch
  - XLForm (~> 4.0)

SPEC REPOS:
  trunk:
    - Alamofire
    - AUPickerCell
    - BitByteData
    - Cosmos
    - Down
    - Google-Mobile-Ads-SDK
    - KeychainAccess
    - LNZTreeView
    - SDWebImage
    - SQLite.swift
    - SWCompression
    - SwiftSoup
    - SwiftTryCatch
    - XLForm

EXTERNAL SOURCES:
  Alderis:
    :git: https://github.com/hbang/Alderis.git
  Flurry-iOS-SDK:
    :git: https://github.com/flurry/flurry-ios-sdk.git
    :tag: 11.2.0.rc1

CHECKOUT OPTIONS:
  Alderis:
    :commit: c0a7869fb69323575ea7b60f699ba77a8e25b970
    :git: https://github.com/hbang/Alderis.git
  Flurry-iOS-SDK:
    :git: https://github.com/flurry/flurry-ios-sdk.git
    :tag: 11.2.0.rc1

SPEC CHECKSUMS:
  Alamofire: 3b6a534a3df22db367e4dedeeca73d1ddfcf0e2f
  Alderis: 9e61fc2f8f7b04d82479cd554fb60b8c89f94031
  AUPickerCell: b6f788d62f449014204776ff6fdc841aebbc352f
  BitByteData: 36729e2125ec321935754f9feb1f4b297e00b501
  Cosmos: a6fb17284281fa12cf4c85c2efecd440a215ec44
  Down: 276f2c3eeeaf30345873bdad25f44b2640fcfa3a
  Flurry-iOS-SDK: 11a46b2a29df8f44b9dad1b0a8b7a7f49d17919e
  Google-Mobile-Ads-SDK: 101ce89b94fdf60ec64ba7b6e9b9d812dc765936
  KeychainAccess: 9b07f665298d13c3a85881bd3171f6f49b8151c1
  LNZTreeView: f04b4a96e5780f5071f8c08b0f6f6554775e46f4
  SDWebImage: 0b2ba0d56479bf6a45ecddbfd5558bea93150d25
  SQLite.swift: d2b4642190917051ce6bd1d49aab565fe794eea3
  SWCompression: 10cc083b8734bca7d4bf0cf6a638a51fb14e8905
  SwiftSoup: f97bc4e988c7729d6457f9642f974c617a6e2510
  SwiftTryCatch: fb6d2b34abe48efd69578dac919293a44f95b481
  XLForm: eb04ea4104f26250b70a72a7fa2eed3748dca5cd

PODFILE CHECKSUM: a6f78bddf58bdf3506c86314106cb314c858a953

COCOAPODS: 1.10.1
