{
  "object": {
    "pins": [
      {
        "package": "Alderis",
        "repositoryURL": "https://github.com/elihwyma/Alderis",
        "state": {
          "branch": "spm-fixes",
          "revision": "1e5df800f14c9ba3523f3c6ca7b11e44f939a75a",
          "version": null
        }
      },
      {
        "package": "Cosmos",
        "repositoryURL": "https://github.com/evgenyneu/Cosmos.git",
        "state": {
          "branch": null,
          "revision": "cce521e734d0090494bd4afab5fd2e2f2465c1af",
          "version": "23.0.0"
        }
      },
      {
        "package": "Down",
        "repositoryURL": "https://github.com/johnxnguyen/Down.git",
        "state": {
          "branch": null,
          "revision": "f34b166be1f1db4aa8f573067e901d72f2a6be57",
          "version": "0.11.0"
        }
      },
      {
        "package": "Evander",
        "repositoryURL": "https://github.com/elihwyma/Evander",
        "state": {
          "branch": "main",
          "revision": "45d428917e8a72a0cad4d98fa46c8ab3b5fa3d83",
          "version": null
        }
      },
      {
        "package": "LNPopupController",
        "repositoryURL": "https://github.com/elihwyma/LNPopupController",
        "state": {
          "branch": "main",
          "revision": "7236d7677a4649d6cbfc0612c2c3cd44a95787b4",
          "version": null
        }
      },
      {
        "package": "LNZTreeView",
        "repositoryURL": "https://github.com/elihwyma/LNZTreeView",
        "state": {
          "branch": "master",
          "revision": "bb7f9b77989e1c07460319e7bd4d1fcbf7cb26ae",
          "version": null
        }
      },
      {
        "package": "SQLite.swift",
        "repositoryURL": "https://github.com/stephencelis/SQLite.swift.git",
        "state": {
          "branch": null,
          "revision": "9af51e2edf491c0ea632e369a6566e09b65aa333",
          "version": "0.13.0"
        }
      },
      {
        "package": "SwipeCellKit",
        "repositoryURL": "https://github.com/SwipeCellKit/SwipeCellKit.git",
        "state": {
          "branch": null,
          "revision": "7219cad3098637176ace311510d11467dbfb9bb0",
          "version": "2.7.1"
        }
      }
    ]
  },
  "version": 1
}
