{
  "object": {
    "pins": [
      {
        "package": "Alderis",
        "repositoryURL": "https://github.com/elihwyma/Alderis",
        "state": {
          "branch": "master",
          "revision": "42c24e5cee43989952698374811a786c69f3c443",
          "version": null
        }
      },
      {
        "package": "AUPickerCell",
        "repositoryURL": "https://github.com/elihwyma/AUPickerCell",
        "state": {
          "branch": "master",
          "revision": "a3135f3144bcd068fc0485957d4ad56fd41cb9c8",
          "version": null
        }
      },
      {
        "package": "BitByteData",
        "repositoryURL": "https://github.com/tsolomko/BitByteData",
        "state": {
          "branch": null,
          "revision": "0969ebfb79ccbee05384249e818067a984337dc2",
          "version": "1.4.4"
        }
      },
      {
        "package": "Cosmos",
        "repositoryURL": "https://github.com/evgenyneu/Cosmos.git",
        "state": {
          "branch": null,
          "revision": "cce521e734d0090494bd4afab5fd2e2f2465c1af",
          "version": "23.0.0"
        }
      },
      {
        "package": "Down",
        "repositoryURL": "https://github.com/johnxnguyen/Down.git",
        "state": {
          "branch": null,
          "revision": "f34b166be1f1db4aa8f573067e901d72f2a6be57",
          "version": "0.11.0"
        }
      },
      {
        "package": "KeychainAccess",
        "repositoryURL": "https://github.com/kishikawakatsumi/KeychainAccess.git",
        "state": {
          "branch": null,
          "revision": "84e546727d66f1adc5439debad16270d0fdd04e7",
          "version": "4.2.2"
        }
      },
      {
        "package": "LNZTreeView",
        "repositoryURL": "https://github.com/elihwyma/LNZTreeView",
        "state": {
          "branch": "master",
          "revision": "7de0df7a3f5cc6d16b4229fcf6d9a916a08d34e3",
          "version": null
        }
      },
      {
        "package": "SQLite.swift",
        "repositoryURL": "https://github.com/stephencelis/SQLite.swift.git",
        "state": {
          "branch": null,
          "revision": "0a9893ec030501a3956bee572d6b4fdd3ae158a1",
          "version": "0.12.2"
        }
      },
      {
        "package": "SWCompression",
        "repositoryURL": "https://github.com/tsolomko/SWCompression",
        "state": {
          "branch": null,
          "revision": "61fa0e4f665a03059d4d5ef03bcc22f80cd0f777",
          "version": "4.5.9"
        }
      },
      {
        "package": "SwiftSoup",
        "repositoryURL": "https://github.com/scinfu/SwiftSoup.git",
        "state": {
          "branch": null,
          "revision": "774dc9c7213085db8aa59595e27c1cd22e428904",
          "version": "2.3.2"
        }
      },
      {
        "package": "SwipeCellKit",
        "repositoryURL": "https://github.com/SwipeCellKit/SwipeCellKit.git",
        "state": {
          "branch": null,
          "revision": "7219cad3098637176ace311510d11467dbfb9bb0",
          "version": "2.7.1"
        }
      }
    ]
  },
  "version": 1
}
